
Microsoft Visual Studio Solution File, Format Version 12.00
# Visual Studio Version 17
VisualStudioVersion = 17.14.36414.22 d17.14
MinimumVisualStudioVersion = 10.0.40219.1
Project("{FAE04EC0-301F-11D3-BF4B-00C04F79EFBC}") = "ProblemSolving", "ProblemSolving\ProblemSolving.csproj", "{10649660-93E8-4CCE-9584-33AD7B8B3BEF}"
EndProject
Project("{FAE04EC0-301F-11D3-BF4B-00C04F79EFBC}") = "ProblemSolving.Tests", "ProblemSolving.Tests\ProblemSolving.Tests.csproj", "{6EA15401-D2EA-48AE-A90E-A39DDC7D86F0}"
EndProject
Global
	GlobalSection(SolutionConfigurationPlatforms) = preSolution
		Debug|Any CPU = Debug|Any CPU
		Release|Any CPU = Release|Any CPU
	EndGlobalSection
	GlobalSection(ProjectConfigurationPlatforms) = postSolution
		{10649660-93E8-4CCE-9584-33AD7B8B3BEF}.Debug|Any CPU.ActiveCfg = Debug|Any CPU
		{10649660-93E8-4CCE-9584-33AD7B8B3BEF}.Debug|Any CPU.Build.0 = Debug|Any CPU
		{10649660-93E8-4CCE-9584-33AD7B8B3BEF}.Release|Any CPU.ActiveCfg = Release|Any CPU
		{10649660-93E8-4CCE-9584-33AD7B8B3BEF}.Release|Any CPU.Build.0 = Release|Any CPU
		{6EA15401-D2EA-48AE-A90E-A39DDC7D86F0}.Debug|Any CPU.ActiveCfg = Debug|Any CPU
		{6EA15401-D2EA-48AE-A90E-A39DDC7D86F0}.Debug|Any CPU.Build.0 = Debug|Any CPU
		{6EA15401-D2EA-48AE-A90E-A39DDC7D86F0}.Release|Any CPU.ActiveCfg = Release|Any CPU
		{6EA15401-D2EA-48AE-A90E-A39DDC7D86F0}.Release|Any CPU.Build.0 = Release|Any CPU
	EndGlobalSection
	GlobalSection(SolutionProperties) = preSolution
		HideSolutionNode = FALSE
	EndGlobalSection
	GlobalSection(ExtensibilityGlobals) = postSolution
		SolutionGuid = {F3D1164B-ADE4-4128-AFB9-566443D01D3B}
	EndGlobalSection
EndGlobal
